github.com/CxZMoE/oto/v2 v2.2.0 h1:rApykLmJ5qRndJICayVUdPm6eXzBGQzEogHEAHsjnlU=
github.com/CxZMoE/oto/v2 v2.2.0/go.mod h1:/t0vthAYjYD/7zcBumfApyv5xCFqqGqQ2C/JZf415/w=
golang.org/x/sys v0.0.0-20210823070655-63515b42dcdf h1:2ucpDCmfkl8Bd/FsLtiD653Wf96cW37s+iGx93zsu4k=
golang.org/x/sys v0.0.0-20210823070655-63515b42dcdf/go.mod h1:oPkhp1MJrh7nUepCBck5+mAzfO9JrbApNNgaTdGDITg=
